lockfileVersion: '9.0'

settings:
  autoInstallPeers: true
  excludeLinksFromLockfile: false

importers:

  .:
    dependencies:
      dexie:
        specifier: ^4.0.0
        version: 4.4.4
      fake-indexeddb:
        specifier: ^6.0.0
        version: 6.2.5

packages:

  dexie@4.4.4:
    resolution: {integrity: sha512-jIwsYI8Os2hgnqc6O49YwFDKGc5v5QjGx0wPVp543ip1F53VFAKMLthV2pQosQcVTv3eAskTWYspOx195PM0FQ==}

  fake-indexeddb@6.2.5:
    resolution: {integrity: sha512-CGnyrvbhPlWYMngksqrSSUT1BAVP49dZocrHuK0SvtR0D5TMs5wP0o3j7jexDJW01KSadjBp1M/71o/KR3nD1w==}
    engines: {node: '>=18'}

snapshots:

  dexie@4.4.4: {}

  fake-indexeddb@6.2.5: {}
